
Microsoft Visual Studio Solution File, Format Version 12.00
# Visual Studio Version 17
VisualStudioVersion = 17.7.34024.191
MinimumVisualStudioVersion = 10.0.40219.1
Project("{FAE04EC0-301F-11D3-BF4B-00C04F79EFBC}") = "MVVM_implementacion_JAMB.Android", "MVVM_implementacion_JAMB\MVVM_implementacion_JAMB.Android\MVVM_implementacion_JAMB.Android.csproj", "{169725A3-27F4-46FD-8750-7E361D52B8DA}"
EndProject
Project("{FAE04EC0-301F-11D3-BF4B-00C04F79EFBC}") = "MVVM_implementacion_JAMB.iOS", "MVVM_implementacion_JAMB\MVVM_implementacion_JAMB.iOS\MVVM_implementacion_JAMB.iOS.csproj", "{7305F45F-0DBD-41FC-A1E6-0D7A8AFE1150}"
EndProject
Project("{FAE04EC0-301F-11D3-BF4B-00C04F79EFBC}") = "MVVM_implementacion_JAMB", "MVVM_implementacion_JAMB\MVVM_implementacion_JAMB\MVVM_implementacion_JAMB.csproj", "{BE6C8C03-56D4-44FF-8E7F-C28ACC430930}"
EndProject
Global
	GlobalSection(SolutionConfigurationPlatforms) = preSolution
		Debug|Any CPU = Debug|Any CPU
		Debug|iPhone = Debug|iPhone
		Debug|iPhoneSimulator = Debug|iPhoneSimulator
		Release|Any CPU = Release|Any CPU
		Release|iPhone = Release|iPhone
		Release|iPhoneSimulator = Release|iPhoneSimulator
	EndGlobalSection
	GlobalSection(ProjectConfigurationPlatforms) = postSolution
		{169725A3-27F4-46FD-8750-7E361D52B8DA}.Debug|Any CPU.ActiveCfg = Debug|Any CPU
		{169725A3-27F4-46FD-8750-7E361D52B8DA}.Debug|Any CPU.Build.0 = Debug|Any CPU
		{169725A3-27F4-46FD-8750-7E361D52B8DA}.Debug|Any CPU.Deploy.0 = Debug|Any CPU
		{169725A3-27F4-46FD-8750-7E361D52B8DA}.Debug|iPhone.ActiveCfg = Debug|Any CPU
		{169725A3-27F4-46FD-8750-7E361D52B8DA}.Debug|iPhone.Build.0 = Debug|Any CPU
		{169725A3-27F4-46FD-8750-7E361D52B8DA}.Debug|iPhone.Deploy.0 = Debug|Any CPU
		{169725A3-27F4-46FD-8750-7E361D52B8DA}.Debug|iPhoneSimulator.ActiveCfg = Debug|Any CPU
		{169725A3-27F4-46FD-8750-7E361D52B8DA}.Debug|iPhoneSimulator.Build.0 = Debug|Any CPU
		{169725A3-27F4-46FD-8750-7E361D52B8DA}.Debug|iPhoneSimulator.Deploy.0 = Debug|Any CPU
		{169725A3-27F4-46FD-8750-7E361D52B8DA}.Release|Any CPU.ActiveCfg = Release|Any CPU
		{169725A3-27F4-46FD-8750-7E361D52B8DA}.Release|Any CPU.Build.0 = Release|Any CPU
		{169725A3-27F4-46FD-8750-7E361D52B8DA}.Release|Any CPU.Deploy.0 = Release|Any CPU
		{169725A3-27F4-46FD-8750-7E361D52B8DA}.Release|iPhone.ActiveCfg = Release|Any CPU
		{169725A3-27F4-46FD-8750-7E361D52B8DA}.Release|iPhone.Build.0 = Release|Any CPU
		{169725A3-27F4-46FD-8750-7E361D52B8DA}.Release|iPhone.Deploy.0 = Release|Any CPU
		{169725A3-27F4-46FD-8750-7E361D52B8DA}.Release|iPhoneSimulator.ActiveCfg = Release|Any CPU
		{169725A3-27F4-46FD-8750-7E361D52B8DA}.Release|iPhoneSimulator.Build.0 = Release|Any CPU
		{169725A3-27F4-46FD-8750-7E361D52B8DA}.Release|iPhoneSimulator.Deploy.0 = Release|Any CPU
		{7305F45F-0DBD-41FC-A1E6-0D7A8AFE1150}.Debug|Any CPU.ActiveCfg = Debug|iPhone
		{7305F45F-0DBD-41FC-A1E6-0D7A8AFE1150}.Debug|Any CPU.Build.0 = Debug|iPhone
		{7305F45F-0DBD-41FC-A1E6-0D7A8AFE1150}.Debug|Any CPU.Deploy.0 = Debug|iPhone
		{7305F45F-0DBD-41FC-A1E6-0D7A8AFE1150}.Debug|iPhone.ActiveCfg = Debug|iPhone
		{7305F45F-0DBD-41FC-A1E6-0D7A8AFE1150}.Debug|iPhone.Build.0 = Debug|iPhone
		{7305F45F-0DBD-41FC-A1E6-0D7A8AFE1150}.Debug|iPhone.Deploy.0 = Debug|iPhone
		{7305F45F-0DBD-41FC-A1E6-0D7A8AFE1150}.Debug|iPhoneSimulator.ActiveCfg = Debug|iPhoneSimulator
		{7305F45F-0DBD-41FC-A1E6-0D7A8AFE1150}.Debug|iPhoneSimulator.Build.0 = Debug|iPhoneSimulator
		{7305F45F-0DBD-41FC-A1E6-0D7A8AFE1150}.Debug|iPhoneSimulator.Deploy.0 = Debug|iPhoneSimulator
		{7305F45F-0DBD-41FC-A1E6-0D7A8AFE1150}.Release|Any CPU.ActiveCfg = Release|iPhoneSimulator
		{7305F45F-0DBD-41FC-A1E6-0D7A8AFE1150}.Release|Any CPU.Build.0 = Release|iPhoneSimulator
		{7305F45F-0DBD-41FC-A1E6-0D7A8AFE1150}.Release|Any CPU.Deploy.0 = Release|iPhoneSimulator
		{7305F45F-0DBD-41FC-A1E6-0D7A8AFE1150}.Release|iPhone.ActiveCfg = Release|iPhone
		{7305F45F-0DBD-41FC-A1E6-0D7A8AFE1150}.Release|iPhone.Build.0 = Release|iPhone
		{7305F45F-0DBD-41FC-A1E6-0D7A8AFE1150}.Release|iPhone.Deploy.0 = Release|iPhone
		{7305F45F-0DBD-41FC-A1E6-0D7A8AFE1150}.Release|iPhoneSimulator.ActiveCfg = Release|iPhoneSimulator
		{7305F45F-0DBD-41FC-A1E6-0D7A8AFE1150}.Release|iPhoneSimulator.Build.0 = Release|iPhoneSimulator
		{7305F45F-0DBD-41FC-A1E6-0D7A8AFE1150}.Release|iPhoneSimulator.Deploy.0 = Release|iPhoneSimulator
		{BE6C8C03-56D4-44FF-8E7F-C28ACC430930}.Debug|Any CPU.ActiveCfg = Debug|Any CPU
		{BE6C8C03-56D4-44FF-8E7F-C28ACC430930}.Debug|Any CPU.Build.0 = Debug|Any CPU
		{BE6C8C03-56D4-44FF-8E7F-C28ACC430930}.Debug|Any CPU.Deploy.0 = Debug|Any CPU
		{BE6C8C03-56D4-44FF-8E7F-C28ACC430930}.Debug|iPhone.ActiveCfg = Debug|Any CPU
		{BE6C8C03-56D4-44FF-8E7F-C28ACC430930}.Debug|iPhone.Build.0 = Debug|Any CPU
		{BE6C8C03-56D4-44FF-8E7F-C28ACC430930}.Debug|iPhone.Deploy.0 = Debug|Any CPU
		{BE6C8C03-56D4-44FF-8E7F-C28ACC430930}.Debug|iPhoneSimulator.ActiveCfg = Debug|Any CPU
		{BE6C8C03-56D4-44FF-8E7F-C28ACC430930}.Debug|iPhoneSimulator.Build.0 = Debug|Any CPU
		{BE6C8C03-56D4-44FF-8E7F-C28ACC430930}.Debug|iPhoneSimulator.Deploy.0 = Debug|Any CPU
		{BE6C8C03-56D4-44FF-8E7F-C28ACC430930}.Release|Any CPU.ActiveCfg = Release|Any CPU
		{BE6C8C03-56D4-44FF-8E7F-C28ACC430930}.Release|Any CPU.Build.0 = Release|Any CPU
		{BE6C8C03-56D4-44FF-8E7F-C28ACC430930}.Release|Any CPU.Deploy.0 = Release|Any CPU
		{BE6C8C03-56D4-44FF-8E7F-C28ACC430930}.Release|iPhone.ActiveCfg = Release|Any CPU
		{BE6C8C03-56D4-44FF-8E7F-C28ACC430930}.Release|iPhone.Build.0 = Release|Any CPU
		{BE6C8C03-56D4-44FF-8E7F-C28ACC430930}.Release|iPhone.Deploy.0 = Release|Any CPU
		{BE6C8C03-56D4-44FF-8E7F-C28ACC430930}.Release|iPhoneSimulator.ActiveCfg = Release|Any CPU
		{BE6C8C03-56D4-44FF-8E7F-C28ACC430930}.Release|iPhoneSimulator.Build.0 = Release|Any CPU
		{BE6C8C03-56D4-44FF-8E7F-C28ACC430930}.Release|iPhoneSimulator.Deploy.0 = Release|Any CPU
	EndGlobalSection
	GlobalSection(SolutionProperties) = preSolution
		HideSolutionNode = FALSE
	EndGlobalSection
	GlobalSection(ExtensibilityGlobals) = postSolution
		SolutionGuid = {4BBC80BC-1434-4CE6-BE74-22123070C1F3}
	EndGlobalSection
EndGlobal
